
Microsoft Visual Studio Solution File, Format Version 12.00
# Visual Studio Version 16
VisualStudioVersion = 16.0.29230.61
MinimumVisualStudioVersion = 10.0.40219.1
Project("{FAE04EC0-301F-11D3-BF4B-00C04F79EFBC}") = "Lauguage-Ext.Test.Android", "Lauguage-Ext.Test.Android\Lauguage-Ext.Test.Android.csproj", "{32D2F62E-626B-4760-80DC-55AD42D55D62}"
EndProject
Project("{FAE04EC0-301F-11D3-BF4B-00C04F79EFBC}") = "Lauguage-Ext.Test.iOS", "Lauguage-Ext.Test.iOS\Lauguage-Ext.Test.iOS.csproj", "{DD06B01A-864D-42DA-8083-1B2238E8DE46}"
EndProject
Project("{FAE04EC0-301F-11D3-BF4B-00C04F79EFBC}") = "Lauguage-Ext.Test", "Lauguage-Ext.Test\Lauguage-Ext.Test.csproj", "{5A58457B-BDB0-4D5C-8111-B2C8446FBCD2}"
EndProject
Global
	GlobalSection(SolutionConfigurationPlatforms) = preSolution
		Debug|Any CPU = Debug|Any CPU
		Debug|iPhone = Debug|iPhone
		Debug|iPhoneSimulator = Debug|iPhoneSimulator
		Release|Any CPU = Release|Any CPU
		Release|iPhone = Release|iPhone
		Release|iPhoneSimulator = Release|iPhoneSimulator
	EndGlobalSection
	GlobalSection(ProjectConfigurationPlatforms) = postSolution
		{32D2F62E-626B-4760-80DC-55AD42D55D62}.Debug|Any CPU.ActiveCfg = Debug|Any CPU
		{32D2F62E-626B-4760-80DC-55AD42D55D62}.Debug|Any CPU.Build.0 = Debug|Any CPU
		{32D2F62E-626B-4760-80DC-55AD42D55D62}.Debug|Any CPU.Deploy.0 = Debug|Any CPU
		{32D2F62E-626B-4760-80DC-55AD42D55D62}.Debug|iPhone.ActiveCfg = Debug|Any CPU
		{32D2F62E-626B-4760-80DC-55AD42D55D62}.Debug|iPhone.Build.0 = Debug|Any CPU
		{32D2F62E-626B-4760-80DC-55AD42D55D62}.Debug|iPhone.Deploy.0 = Debug|Any CPU
		{32D2F62E-626B-4760-80DC-55AD42D55D62}.Debug|iPhoneSimulator.ActiveCfg = Debug|Any CPU
		{32D2F62E-626B-4760-80DC-55AD42D55D62}.Debug|iPhoneSimulator.Build.0 = Debug|Any CPU
		{32D2F62E-626B-4760-80DC-55AD42D55D62}.Debug|iPhoneSimulator.Deploy.0 = Debug|Any CPU
		{32D2F62E-626B-4760-80DC-55AD42D55D62}.Release|Any CPU.ActiveCfg = Release|Any CPU
		{32D2F62E-626B-4760-80DC-55AD42D55D62}.Release|Any CPU.Build.0 = Release|Any CPU
		{32D2F62E-626B-4760-80DC-55AD42D55D62}.Release|Any CPU.Deploy.0 = Release|Any CPU
		{32D2F62E-626B-4760-80DC-55AD42D55D62}.Release|iPhone.ActiveCfg = Release|Any CPU
		{32D2F62E-626B-4760-80DC-55AD42D55D62}.Release|iPhone.Build.0 = Release|Any CPU
		{32D2F62E-626B-4760-80DC-55AD42D55D62}.Release|iPhone.Deploy.0 = Release|Any CPU
		{32D2F62E-626B-4760-80DC-55AD42D55D62}.Release|iPhoneSimulator.ActiveCfg = Release|Any CPU
		{32D2F62E-626B-4760-80DC-55AD42D55D62}.Release|iPhoneSimulator.Build.0 = Release|Any CPU
		{32D2F62E-626B-4760-80DC-55AD42D55D62}.Release|iPhoneSimulator.Deploy.0 = Release|Any CPU
		{DD06B01A-864D-42DA-8083-1B2238E8DE46}.Debug|Any CPU.ActiveCfg = Debug|iPhoneSimulator
		{DD06B01A-864D-42DA-8083-1B2238E8DE46}.Debug|Any CPU.Build.0 = Debug|iPhoneSimulator
		{DD06B01A-864D-42DA-8083-1B2238E8DE46}.Debug|Any CPU.Deploy.0 = Debug|iPhoneSimulator
		{DD06B01A-864D-42DA-8083-1B2238E8DE46}.Debug|iPhone.ActiveCfg = Debug|iPhone
		{DD06B01A-864D-42DA-8083-1B2238E8DE46}.Debug|iPhone.Build.0 = Debug|iPhone
		{DD06B01A-864D-42DA-8083-1B2238E8DE46}.Debug|iPhone.Deploy.0 = Debug|iPhone
		{DD06B01A-864D-42DA-8083-1B2238E8DE46}.Debug|iPhoneSimulator.ActiveCfg = Debug|iPhoneSimulator
		{DD06B01A-864D-42DA-8083-1B2238E8DE46}.Debug|iPhoneSimulator.Build.0 = Debug|iPhoneSimulator
		{DD06B01A-864D-42DA-8083-1B2238E8DE46}.Debug|iPhoneSimulator.Deploy.0 = Debug|iPhoneSimulator
		{DD06B01A-864D-42DA-8083-1B2238E8DE46}.Release|Any CPU.ActiveCfg = Release|iPhone
		{DD06B01A-864D-42DA-8083-1B2238E8DE46}.Release|Any CPU.Build.0 = Release|iPhone
		{DD06B01A-864D-42DA-8083-1B2238E8DE46}.Release|Any CPU.Deploy.0 = Release|iPhone
		{DD06B01A-864D-42DA-8083-1B2238E8DE46}.Release|iPhone.ActiveCfg = Release|iPhone
		{DD06B01A-864D-42DA-8083-1B2238E8DE46}.Release|iPhone.Build.0 = Release|iPhone
		{DD06B01A-864D-42DA-8083-1B2238E8DE46}.Release|iPhone.Deploy.0 = Release|iPhone
		{DD06B01A-864D-42DA-8083-1B2238E8DE46}.Release|iPhoneSimulator.ActiveCfg = Release|iPhoneSimulator
		{DD06B01A-864D-42DA-8083-1B2238E8DE46}.Release|iPhoneSimulator.Build.0 = Release|iPhoneSimulator
		{DD06B01A-864D-42DA-8083-1B2238E8DE46}.Release|iPhoneSimulator.Deploy.0 = Release|iPhoneSimulator
		{5A58457B-BDB0-4D5C-8111-B2C8446FBCD2}.Debug|Any CPU.ActiveCfg = Debug|Any CPU
		{5A58457B-BDB0-4D5C-8111-B2C8446FBCD2}.Debug|Any CPU.Build.0 = Debug|Any CPU
		{5A58457B-BDB0-4D5C-8111-B2C8446FBCD2}.Debug|Any CPU.Deploy.0 = Debug|Any CPU
		{5A58457B-BDB0-4D5C-8111-B2C8446FBCD2}.Debug|iPhone.ActiveCfg = Debug|Any CPU
		{5A58457B-BDB0-4D5C-8111-B2C8446FBCD2}.Debug|iPhone.Build.0 = Debug|Any CPU
		{5A58457B-BDB0-4D5C-8111-B2C8446FBCD2}.Debug|iPhone.Deploy.0 = Debug|Any CPU
		{5A58457B-BDB0-4D5C-8111-B2C8446FBCD2}.Debug|iPhoneSimulator.ActiveCfg = Debug|Any CPU
		{5A58457B-BDB0-4D5C-8111-B2C8446FBCD2}.Debug|iPhoneSimulator.Build.0 = Debug|Any CPU
		{5A58457B-BDB0-4D5C-8111-B2C8446FBCD2}.Debug|iPhoneSimulator.Deploy.0 = Debug|Any CPU
		{5A58457B-BDB0-4D5C-8111-B2C8446FBCD2}.Release|Any CPU.ActiveCfg = Release|Any CPU
		{5A58457B-BDB0-4D5C-8111-B2C8446FBCD2}.Release|Any CPU.Build.0 = Release|Any CPU
		{5A58457B-BDB0-4D5C-8111-B2C8446FBCD2}.Release|Any CPU.Deploy.0 = Release|Any CPU
		{5A58457B-BDB0-4D5C-8111-B2C8446FBCD2}.Release|iPhone.ActiveCfg = Release|Any CPU
		{5A58457B-BDB0-4D5C-8111-B2C8446FBCD2}.Release|iPhone.Build.0 = Release|Any CPU
		{5A58457B-BDB0-4D5C-8111-B2C8446FBCD2}.Release|iPhone.Deploy.0 = Release|Any CPU
		{5A58457B-BDB0-4D5C-8111-B2C8446FBCD2}.Release|iPhoneSimulator.ActiveCfg = Release|Any CPU
		{5A58457B-BDB0-4D5C-8111-B2C8446FBCD2}.Release|iPhoneSimulator.Build.0 = Release|Any CPU
		{5A58457B-BDB0-4D5C-8111-B2C8446FBCD2}.Release|iPhoneSimulator.Deploy.0 = Release|Any CPU
	EndGlobalSection
	GlobalSection(SolutionProperties) = preSolution
		HideSolutionNode = FALSE
	EndGlobalSection
	GlobalSection(ExtensibilityGlobals) = postSolution
		SolutionGuid = {208024DF-89D1-404C-9229-4D481A7CDD63}
	EndGlobalSection
EndGlobal
